
Microsoft Visual Studio Solution File, Format Version 12.00
# Visual Studio 15
VisualStudioVersion = 15.0.28307.489
MinimumVisualStudioVersion = 10.0.40219.1
Project("{FAE04EC0-301F-11D3-BF4B-00C04F79EFBC}") = "RefitCepExample", "RefitCepExample\RefitCepExample.csproj", "{24FEB7BC-EBD9-4562-9A85-5302B814465C}"
EndProject
Global
	GlobalSection(SolutionConfigurationPlatforms) = preSolution
		Debug|Any CPU = Debug|Any CPU
		Release|Any CPU = Release|Any CPU
	EndGlobalSection
	GlobalSection(ProjectConfigurationPlatforms) = postSolution
		{24FEB7BC-EBD9-4562-9A85-5302B814465C}.Debug|Any CPU.ActiveCfg = Debug|Any CPU
		{24FEB7BC-EBD9-4562-9A85-5302B814465C}.Debug|Any CPU.Build.0 = Debug|Any CPU
		{24FEB7BC-EBD9-4562-9A85-5302B814465C}.Release|Any CPU.ActiveCfg = Release|Any CPU
		{24FEB7BC-EBD9-4562-9A85-5302B814465C}.Release|Any CPU.Build.0 = Release|Any CPU
	EndGlobalSection
	GlobalSection(SolutionProperties) = preSolution
		HideSolutionNode = FALSE
	EndGlobalSection
	GlobalSection(ExtensibilityGlobals) = postSolution
		SolutionGuid = {E9100D5B-A53B-45FB-97AC-14A1A112B3E4}
	EndGlobalSection
EndGlobal
